
Microsoft Visual Studio Solution File, Format Version 12.00
# Visual Studio Version 17
VisualStudioVersion = 17.1.32328.378
MinimumVisualStudioVersion = 10.0.40219.1
Project("{FAE04EC0-301F-11D3-BF4B-00C04F79EFBC}") = "BpmEstimator", "BpmEstimator\BpmEstimator.csproj", "{90DC5A48-935D-4448-B8FA-59DD4B663129}"
EndProject
Global
	GlobalSection(SolutionConfigurationPlatforms) = preSolution
		Debug|Any CPU = Debug|Any CPU
		Release|Any CPU = Release|Any CPU
	EndGlobalSection
	GlobalSection(ProjectConfigurationPlatforms) = postSolution
		{90DC5A48-935D-4448-B8FA-59DD4B663129}.Debug|Any CPU.ActiveCfg = Debug|Any CPU
		{90DC5A48-935D-4448-B8FA-59DD4B663129}.Debug|Any CPU.Build.0 = Debug|Any CPU
		{90DC5A48-935D-4448-B8FA-59DD4B663129}.Release|Any CPU.ActiveCfg = Release|Any CPU
		{90DC5A48-935D-4448-B8FA-59DD4B663129}.Release|Any CPU.Build.0 = Release|Any CPU
	EndGlobalSection
	GlobalSection(SolutionProperties) = preSolution
		HideSolutionNode = FALSE
	EndGlobalSection
	GlobalSection(ExtensibilityGlobals) = postSolution
		SolutionGuid = {BF8A5108-0FE2-4F62-976D-420BDB6208E5}
	EndGlobalSection
EndGlobal
